
Microsoft Visual Studio Solution File, Format Version 12.00
# Visual Studio Version 16
VisualStudioVersion = 16.0.34407.143
MinimumVisualStudioVersion = 10.0.40219.1
Project("{F184B08F-C81C-45F6-A57F-5ABD9991F28F}") = "appProject", "appProject.vbproj", "{5C8B17AF-313A-4451-8188-4916C33A5F28}"
EndProject
Global
	GlobalSection(SolutionConfigurationPlatforms) = preSolution
		Debug|Any CPU = Debug|Any CPU
		Release|Any CPU = Release|Any CPU
	EndGlobalSection
	GlobalSection(ProjectConfigurationPlatforms) = postSolution
		{5C8B17AF-313A-4451-8188-4916C33A5F28}.Debug|Any CPU.ActiveCfg = Debug|Any CPU
		{5C8B17AF-313A-4451-8188-4916C33A5F28}.Debug|Any CPU.Build.0 = Debug|Any CPU
		{5C8B17AF-313A-4451-8188-4916C33A5F28}.Release|Any CPU.ActiveCfg = Release|Any CPU
		{5C8B17AF-313A-4451-8188-4916C33A5F28}.Release|Any CPU.Build.0 = Release|Any CPU
	EndGlobalSection
	GlobalSection(SolutionProperties) = preSolution
		HideSolutionNode = FALSE
	EndGlobalSection
	GlobalSection(ExtensibilityGlobals) = postSolution
		SolutionGuid = {606C3469-1DFF-4DD6-9156-7342E2CB76F7}
	EndGlobalSection
EndGlobal
